
Microsoft Visual Studio Solution File, Format Version 12.00
# Visual Studio 15
VisualStudioVersion = 15.0.27703.2000
MinimumVisualStudioVersion = 10.0.40219.1
Project("{9A19103F-16F7-4668-BE54-9A1E7A4F7556}") = "ForumSystem.Core", "src\ForumSystem.Core\ForumSystem.Core.csproj", "{11637700-E8A1-4B4D-B2C0-8C3C067AAF25}"
EndProject
Project("{FAE04EC0-301F-11D3-BF4B-00C04F79EFBC}") = "ForumSystem.Web", "src\ForumSystem.Web\ForumSystem.Web.csproj", "{C88D6364-F90D-40DD-BB54-DAD12B22CD4B}"
EndProject
Project("{FAE04EC0-301F-11D3-BF4B-00C04F79EFBC}") = "ForumSystem.Identity", "src\ForumSystem.Identity\ForumSystem.Identity.csproj", "{3D21F937-7FE3-4B9C-A6ED-930079C1FC50}"
EndProject
Project("{FAE04EC0-301F-11D3-BF4B-00C04F79EFBC}") = "ForumSystem.Infrastructure", "src\ForumSystem.Infrastructure\ForumSystem.Infrastructure.csproj", "{EE2387A2-9FA6-4827-8F60-838A0F56C7D6}"
EndProject
Project("{2150E333-8FDC-42A3-9474-1A3956D46DE8}") = "Tests", "Tests", "{8DB01C26-18FE-414C-9737-0D144FE30F7D}"
EndProject
Project("{FAE04EC0-301F-11D3-BF4B-00C04F79EFBC}") = "ForumSystem.Core.Tests", "test\ForumSystem.Core.Tests\ForumSystem.Core.Tests.csproj", "{C3921F5A-1E4C-414D-9E25-267762992EF1}"
EndProject
Project("{FAE04EC0-301F-11D3-BF4B-00C04F79EFBC}") = "ForumSystem.Infrastructure.IntegrationTests", "test\ForumSystem.Infrastructure.IntegrationTests\ForumSystem.Infrastructure.IntegrationTests.csproj", "{CD74A46A-0E5C-4C21-8A86-2744D5119F27}"
EndProject
Global
	GlobalSection(SolutionConfigurationPlatforms) = preSolution
		Debug|Any CPU = Debug|Any CPU
		Release|Any CPU = Release|Any CPU
	EndGlobalSection
	GlobalSection(ProjectConfigurationPlatforms) = postSolution
		{11637700-E8A1-4B4D-B2C0-8C3C067AAF25}.Debug|Any CPU.ActiveCfg = Debug|Any CPU
		{11637700-E8A1-4B4D-B2C0-8C3C067AAF25}.Debug|Any CPU.Build.0 = Debug|Any CPU
		{11637700-E8A1-4B4D-B2C0-8C3C067AAF25}.Release|Any CPU.ActiveCfg = Release|Any CPU
		{11637700-E8A1-4B4D-B2C0-8C3C067AAF25}.Release|Any CPU.Build.0 = Release|Any CPU
		{C88D6364-F90D-40DD-BB54-DAD12B22CD4B}.Debug|Any CPU.ActiveCfg = Debug|Any CPU
		{C88D6364-F90D-40DD-BB54-DAD12B22CD4B}.Debug|Any CPU.Build.0 = Debug|Any CPU
		{C88D6364-F90D-40DD-BB54-DAD12B22CD4B}.Release|Any CPU.ActiveCfg = Release|Any CPU
		{C88D6364-F90D-40DD-BB54-DAD12B22CD4B}.Release|Any CPU.Build.0 = Release|Any CPU
		{3D21F937-7FE3-4B9C-A6ED-930079C1FC50}.Debug|Any CPU.ActiveCfg = Debug|Any CPU
		{3D21F937-7FE3-4B9C-A6ED-930079C1FC50}.Debug|Any CPU.Build.0 = Debug|Any CPU
		{3D21F937-7FE3-4B9C-A6ED-930079C1FC50}.Release|Any CPU.ActiveCfg = Release|Any CPU
		{3D21F937-7FE3-4B9C-A6ED-930079C1FC50}.Release|Any CPU.Build.0 = Release|Any CPU
		{EE2387A2-9FA6-4827-8F60-838A0F56C7D6}.Debug|Any CPU.ActiveCfg = Debug|Any CPU
		{EE2387A2-9FA6-4827-8F60-838A0F56C7D6}.Debug|Any CPU.Build.0 = Debug|Any CPU
		{EE2387A2-9FA6-4827-8F60-838A0F56C7D6}.Release|Any CPU.ActiveCfg = Release|Any CPU
		{EE2387A2-9FA6-4827-8F60-838A0F56C7D6}.Release|Any CPU.Build.0 = Release|Any CPU
		{C3921F5A-1E4C-414D-9E25-267762992EF1}.Debug|Any CPU.ActiveCfg = Debug|Any CPU
		{C3921F5A-1E4C-414D-9E25-267762992EF1}.Debug|Any CPU.Build.0 = Debug|Any CPU
		{C3921F5A-1E4C-414D-9E25-267762992EF1}.Release|Any CPU.ActiveCfg = Release|Any CPU
		{C3921F5A-1E4C-414D-9E25-267762992EF1}.Release|Any CPU.Build.0 = Release|Any CPU
		{CD74A46A-0E5C-4C21-8A86-2744D5119F27}.Debug|Any CPU.ActiveCfg = Debug|Any CPU
		{CD74A46A-0E5C-4C21-8A86-2744D5119F27}.Debug|Any CPU.Build.0 = Debug|Any CPU
		{CD74A46A-0E5C-4C21-8A86-2744D5119F27}.Release|Any CPU.ActiveCfg = Release|Any CPU
		{CD74A46A-0E5C-4C21-8A86-2744D5119F27}.Release|Any CPU.Build.0 = Release|Any CPU
	EndGlobalSection
	GlobalSection(SolutionProperties) = preSolution
		HideSolutionNode = FALSE
	EndGlobalSection
	GlobalSection(NestedProjects) = preSolution
		{C3921F5A-1E4C-414D-9E25-267762992EF1} = {8DB01C26-18FE-414C-9737-0D144FE30F7D}
		{CD74A46A-0E5C-4C21-8A86-2744D5119F27} = {8DB01C26-18FE-414C-9737-0D144FE30F7D}
	EndGlobalSection
	GlobalSection(ExtensibilityGlobals) = postSolution
		SolutionGuid = {DD3E4C4C-9C8C-438E-BF8F-52C34FACBB0B}
	EndGlobalSection
EndGlobal
